// !$*UTF8*$!
{
	archiveVersion = 1;
	classes = {
	};
	objectVersion = 46;
	objects = {

/* Begin PBXBuildFile section */
		0C9C2E2D20F09CD4001F070F /* ShareImageView.swift in Sources */ = {isa = PBXBuildFile; fileRef = 0C9C2E2C20F09CD4001F070F /* ShareImageView.swift */; };
		0C9C2E3020F0A6AC001F070F /* ShareImageView.xib in Resources */ = {isa = PBXBuildFile; fileRef = 0C9C2E2F20F0A6AB001F070F /* ShareImageView.xib */; };
		12BE8227F5B88B431EF34E97 /* Pods_CatanTests.framework in Frameworks */ = {isa = PBXBuildFile; fileRef = 0B2E19C09F0129A980488EDC /* Pods_CatanTests.framework */; };
		5513AE331F4A06FB00D320D2 /* ClassicGame.swift in Sources */ = {isa = PBXBuildFile; fileRef = 5513AE321F4A06FB00D320D2 /* ClassicGame.swift */; };
		551960E91F533D9200EDAEF7 /* UIColor+AppColors.swift in Sources */ = {isa = PBXBuildFile; fileRef = 551960E81F533CE400EDAEF7 /* UIColor+AppColors.swift */; };
		551960EA1F533D9600EDAEF7 /* UIFont+AppFonts.swift in Sources */ = {isa = PBXBuildFile; fileRef = 551960E71F533CB700EDAEF7 /* UIFont+AppFonts.swift */; };
		551960EB1F533DA700EDAEF7 /* coresansar15.otf in Resources */ = {isa = PBXBuildFile; fileRef = 551960E31F533C3600EDAEF7 /* coresansar15.otf */; };
		551960EC1F533DA700EDAEF7 /* coresansar25.otf in Resources */ = {isa = PBXBuildFile; fileRef = 551960E41F533C3600EDAEF7 /* coresansar25.otf */; };
		551960ED1F533DA700EDAEF7 /* coresansar35.otf in Resources */ = {isa = PBXBuildFile; fileRef = 551960E51F533C3600EDAEF7 /* coresansar35.otf */; };
		55202E1F1F532EBB006291E4 /* ExtendedClassicGame.swift in Sources */ = {isa = PBXBuildFile; fileRef = 55202E1E1F532EBB006291E4 /* ExtendedClassicGame.swift */; };
		5521E11F1F6A2772006A6644 /* TransformableButton.swift in Sources */ = {isa = PBXBuildFile; fileRef = 5521E11E1F6A2772006A6644 /* TransformableButton.swift */; };
		5521E1211F6A27B2006A6644 /* CatanButton.swift in Sources */ = {isa = PBXBuildFile; fileRef = 5521E1201F6A27B2006A6644 /* CatanButton.swift */; };
		5521E1231F6A282D006A6644 /* ProportionalCornerRadius.swift in Sources */ = {isa = PBXBuildFile; fileRef = 5521E1221F6A282D006A6644 /* ProportionalCornerRadius.swift */; };
		5521E1261F6A289F006A6644 /* SoundPlayer.swift in Sources */ = {isa = PBXBuildFile; fileRef = 5521E1251F6A289F006A6644 /* SoundPlayer.swift */; };
		5521E12F1F6A2A81006A6644 /* Click.wav in Resources */ = {isa = PBXBuildFile; fileRef = 5521E12C1F6A2947006A6644 /* Click.wav */; };
		5521E1301F6A2A81006A6644 /* Toggle.wav in Resources */ = {isa = PBXBuildFile; fileRef = 5521E12D1F6A2947006A6644 /* Toggle.wav */; };
		5535450F1F4FD97C00D21E65 /* PortView.swift in Sources */ = {isa = PBXBuildFile; fileRef = 5535450E1F4FD97C00D21E65 /* PortView.swift */; };
		553545111F4FD99900D21E65 /* PortContainerView.swift in Sources */ = {isa = PBXBuildFile; fileRef = 553545101F4FD99900D21E65 /* PortContainerView.swift */; };
		553545131F4FD9BF00D21E65 /* DiceCombinationTokenView.swift in Sources */ = {isa = PBXBuildFile; fileRef = 553545121F4FD9BF00D21E65 /* DiceCombinationTokenView.swift */; };
		553545151F4FDDF700D21E65 /* Port.swift in Sources */ = {isa = PBXBuildFile; fileRef = 553545141F4FDDF700D21E65 /* Port.swift */; };
		553545171F4FDE1000D21E65 /* GameBoardPiece.swift in Sources */ = {isa = PBXBuildFile; fileRef = 553545161F4FDE1000D21E65 /* GameBoardPiece.swift */; };
		553BBB191F4E20FF00DFFA2A /* BoardView.swift in Sources */ = {isa = PBXBuildFile; fileRef = 553BBB181F4E20FF00DFFA2A /* BoardView.swift */; };
		5555F21A1F533F4700EC2CFE /* GameType.swift in Sources */ = {isa = PBXBuildFile; fileRef = 5555F2191F533F4700EC2CFE /* GameType.swift */; };
		55597EA61F7FFA080062C4C6 /* GameBoardFairnessEvaluator.swift in Sources */ = {isa = PBXBuildFile; fileRef = 55597EA51F7FFA080062C4C6 /* GameBoardFairnessEvaluator.swift */; };
		55597EA91F7FFABA0062C4C6 /* GameBoardProbabilityDistributionFairnessEvaluator.swift in Sources */ = {isa = PBXBuildFile; fileRef = 55597EA81F7FFABA0062C4C6 /* GameBoardProbabilityDistributionFairnessEvaluator.swift */; };
		55597EAB1F8004350062C4C6 /* GameBoardFactory.swift in Sources */ = {isa = PBXBuildFile; fileRef = 55597EAA1F8004350062C4C6 /* GameBoardFactory.swift */; };
		55597EAD1F800C730062C4C6 /* DoubleArrayPosition.swift in Sources */ = {isa = PBXBuildFile; fileRef = 55597EAC1F800C730062C4C6 /* DoubleArrayPosition.swift */; };
		55597EB51F800C9A0062C4C6 /* CatanTests.swift in Sources */ = {isa = PBXBuildFile; fileRef = 55597EB41F800C9A0062C4C6 /* CatanTests.swift */; };
		55597EBD1F800CB90062C4C6 /* DoubleArrayPositionTests.swift in Sources */ = {isa = PBXBuildFile; fileRef = 55597EBC1F800CB90062C4C6 /* DoubleArrayPositionTests.swift */; };
		55597EBE1F800CFA0062C4C6 /* DoubleArrayPosition.swift in Sources */ = {isa = PBXBuildFile; fileRef = 55597EAC1F800C730062C4C6 /* DoubleArrayPosition.swift */; };
		55597EC21F80226B0062C4C6 /* GameBoardResourcesDistrubutionFairnessEvaluator.swift in Sources */ = {isa = PBXBuildFile; fileRef = 55597EC11F80226B0062C4C6 /* GameBoardResourcesDistrubutionFairnessEvaluator.swift */; };
		55597EC41F803E140062C4C6 /* DefaultsItem.swift in Sources */ = {isa = PBXBuildFile; fileRef = 55597EC31F803E140062C4C6 /* DefaultsItem.swift */; };
		55597EC81F803EE30062C4C6 /* DefaultsGameType.swift in Sources */ = {isa = PBXBuildFile; fileRef = 55597EC71F803EE30062C4C6 /* DefaultsGameType.swift */; };
		55597ECB1F8041F90062C4C6 /* MostRecentlyUsedGameTypePersistedSetting.swift in Sources */ = {isa = PBXBuildFile; fileRef = 55597ECA1F8041F90062C4C6 /* MostRecentlyUsedGameTypePersistedSetting.swift */; };
		5565FEC11FDB7E41004959F8 /* GameBoardResourcesDistrubutionRepetitionEvaluator.swift in Sources */ = {isa = PBXBuildFile; fileRef = 5565FEC01FDB7E41004959F8 /* GameBoardResourcesDistrubutionRepetitionEvaluator.swift */; };
		55B01D381F493C0E0005B93F /* AppDelegate.swift in Sources */ = {isa = PBXBuildFile; fileRef = 55B01D371F493C0E0005B93F /* AppDelegate.swift */; };
		55B01D3A1F493C0E0005B93F /* MainViewController.swift in Sources */ = {isa = PBXBuildFile; fileRef = 55B01D391F493C0E0005B93F /* MainViewController.swift */; };
		55B01D3D1F493C0E0005B93F /* Main.storyboard in Resources */ = {isa = PBXBuildFile; fileRef = 55B01D3B1F493C0E0005B93F /* Main.storyboard */; };
		55B01D3F1F493C0E0005B93F /* Assets.xcassets in Resources */ = {isa = PBXBuildFile; fileRef = 55B01D3E1F493C0E0005B93F /* Assets.xcassets */; };
		55B01D421F493C0E0005B93F /* LaunchScreen.storyboard in Resources */ = {isa = PBXBuildFile; fileRef = 55B01D401F493C0E0005B93F /* LaunchScreen.storyboard */; };
		55B01D4B1F493C310005B93F /* Resource.swift in Sources */ = {isa = PBXBuildFile; fileRef = 55B01D4A1F493C310005B93F /* Resource.swift */; };
		55B01D4D1F493C850005B93F /* DiceCombination.swift in Sources */ = {isa = PBXBuildFile; fileRef = 55B01D4C1F493C850005B93F /* DiceCombination.swift */; };
		55B01D501F4940200005B93F /* GameBoard.swift in Sources */ = {isa = PBXBuildFile; fileRef = 55B01D4F1F4940200005B93F /* GameBoard.swift */; };
		55B01D521F4945D60005B93F /* GameDefinition.swift in Sources */ = {isa = PBXBuildFile; fileRef = 55B01D511F4945D60005B93F /* GameDefinition.swift */; };
		55B774051F6E02E5001F58BC /* FeedbackGenerator.swift in Sources */ = {isa = PBXBuildFile; fileRef = 55B774041F6E02E5001F58BC /* FeedbackGenerator.swift */; };
		55C003C21F4E2E2B0079372A /* HexagonView.swift in Sources */ = {isa = PBXBuildFile; fileRef = 55C003C11F4E2E2B0079372A /* HexagonView.swift */; };
		55D7AD482016F8E500735441 /* FontType.swift in Sources */ = {isa = PBXBuildFile; fileRef = 55D7AD472016F8E500735441 /* FontType.swift */; };
		55D7AD4A2016F94200735441 /* DeviceInfo.swift in Sources */ = {isa = PBXBuildFile; fileRef = 55D7AD492016F94200735441 /* DeviceInfo.swift */; };
		55E106B71F8933E40016BDBE /* GameBoardResourceGroupingFairnessEvaluator.swift in Sources */ = {isa = PBXBuildFile; fileRef = 55E106B61F8933E40016BDBE /* GameBoardResourceGroupingFairnessEvaluator.swift */; };
		55ED5DC31FFB0B180053429B /* GameBoardDistributionRule.swift in Sources */ = {isa = PBXBuildFile; fileRef = 55ED5DC21FFB0B180053429B /* GameBoardDistributionRule.swift */; };
		55ED5DC51FFB0B390053429B /* GameBoardDistributionAdjacentResourcesRule.swift in Sources */ = {isa = PBXBuildFile; fileRef = 55ED5DC41FFB0B390053429B /* GameBoardDistributionAdjacentResourcesRule.swift */; };
		55ED5DC71FFB0B4F0053429B /* GameBoardDistributionAdjacentHighProbabilityRule.swift in Sources */ = {isa = PBXBuildFile; fileRef = 55ED5DC61FFB0B4F0053429B /* GameBoardDistributionAdjacentHighProbabilityRule.swift */; };
		9E00C6F63742DF0BE4898093 /* Pods_Catan.framework in Frameworks */ = {isa = PBXBuildFile; fileRef = 3EEEACBF515633781CBF5340 /* Pods_Catan.framework */; };
/* End PBXBuildFile section */

/* Begin PBXContainerItemProxy section */
		55597EB71F800C9A0062C4C6 /* PBXContainerItemProxy */ = {
			isa = PBXContainerItemProxy;
			containerPortal = 55B01D2C1F493C0E0005B93F /* Project object */;
			proxyType = 1;
			remoteGlobalIDString = 55B01D331F493C0E0005B93F;
			remoteInfo = Catan;
		};
/* End PBXContainerItemProxy section */

/* Begin PBXFileReference section */
		0B2E19C09F0129A980488EDC /* Pods_CatanTests.framework */ = {isa = PBXFileReference; explicitFileType = wrapper.framework; includeInIndex = 0; path = Pods_CatanTests.framework; sourceTree = BUILT_PRODUCTS_DIR; };
		0C9C2E2C20F09CD4001F070F /* ShareImageView.swift */ = {isa = PBXFileReference; lastKnownFileType = sourcecode.swift; path = ShareImageView.swift; sourceTree = "<group>"; };
		0C9C2E2F20F0A6AB001F070F /* ShareImageView.xib */ = {isa = PBXFileReference; fileEncoding = 4; lastKnownFileType = file.xib; path = ShareImageView.xib; sourceTree = "<group>"; };
		3829EB48B2248605397471F8 /* Pods-CatanTests.release.xcconfig */ = {isa = PBXFileReference; includeInIndex = 1; lastKnownFileType = text.xcconfig; name = "Pods-CatanTests.release.xcconfig"; path = "Pods/Target Support Files/Pods-CatanTests/Pods-CatanTests.release.xcconfig"; sourceTree = "<group>"; };
		3EEEACBF515633781CBF5340 /* Pods_Catan.framework */ = {isa = PBXFileReference; explicitFileType = wrapper.framework; includeInIndex = 0; path = Pods_Catan.framework; sourceTree = BUILT_PRODUCTS_DIR; };
		5513AE321F4A06FB00D320D2 /* ClassicGame.swift */ = {isa = PBXFileReference; fileEncoding = 4; lastKnownFileType = sourcecode.swift; path = ClassicGame.swift; sourceTree = "<group>"; };
		551960E31F533C3600EDAEF7 /* coresansar15.otf */ = {isa = PBXFileReference; lastKnownFileType = file; path = coresansar15.otf; sourceTree = "<group>"; };
		551960E41F533C3600EDAEF7 /* coresansar25.otf */ = {isa = PBXFileReference; lastKnownFileType = file; path = coresansar25.otf; sourceTree = "<group>"; };
		551960E51F533C3600EDAEF7 /* coresansar35.otf */ = {isa = PBXFileReference; lastKnownFileType = file; path = coresansar35.otf; sourceTree = "<group>"; };
		551960E71F533CB700EDAEF7 /* UIFont+AppFonts.swift */ = {isa = PBXFileReference; lastKnownFileType = sourcecode.swift; path = "UIFont+AppFonts.swift"; sourceTree = "<group>"; };
		551960E81F533CE400EDAEF7 /* UIColor+AppColors.swift */ = {isa = PBXFileReference; lastKnownFileType = sourcecode.swift; path = "UIColor+AppColors.swift"; sourceTree = "<group>"; };
		55202E1E1F532EBB006291E4 /* ExtendedClassicGame.swift */ = {isa = PBXFileReference; fileEncoding = 4; lastKnownFileType = sourcecode.swift; path = ExtendedClassicGame.swift; sourceTree = "<group>"; };
		5521E11E1F6A2772006A6644 /* TransformableButton.swift */ = {isa = PBXFileReference; lastKnownFileType = sourcecode.swift; path = TransformableButton.swift; sourceTree = "<group>"; };
		5521E1201F6A27B2006A6644 /* CatanButton.swift */ = {isa = PBXFileReference; lastKnownFileType = sourcecode.swift; path = CatanButton.swift; sourceTree = "<group>"; };
		5521E1221F6A282D006A6644 /* ProportionalCornerRadius.swift */ = {isa = PBXFileReference; lastKnownFileType = sourcecode.swift; path = ProportionalCornerRadius.swift; sourceTree = "<group>"; };
		5521E1251F6A289F006A6644 /* SoundPlayer.swift */ = {isa = PBXFileReference; lastKnownFileType = sourcecode.swift; path = SoundPlayer.swift; sourceTree = "<group>"; };
		5521E12C1F6A2947006A6644 /* Click.wav */ = {isa = PBXFileReference; lastKnownFileType = audio.wav; path = Click.wav; sourceTree = "<group>"; };
		5521E12D1F6A2947006A6644 /* Toggle.wav */ = {isa = PBXFileReference; lastKnownFileType = audio.wav; path = Toggle.wav; sourceTree = "<group>"; };
		5535450E1F4FD97C00D21E65 /* PortView.swift */ = {isa = PBXFileReference; lastKnownFileType = sourcecode.swift; path = PortView.swift; sourceTree = "<group>"; };
		553545101F4FD99900D21E65 /* PortContainerView.swift */ = {isa = PBXFileReference; lastKnownFileType = sourcecode.swift; path = PortContainerView.swift; sourceTree = "<group>"; };
		553545121F4FD9BF00D21E65 /* DiceCombinationTokenView.swift */ = {isa = PBXFileReference; lastKnownFileType = sourcecode.swift; path = DiceCombinationTokenView.swift; sourceTree = "<group>"; };
		553545141F4FDDF700D21E65 /* Port.swift */ = {isa = PBXFileReference; lastKnownFileType = sourcecode.swift; path = Port.swift; sourceTree = "<group>"; };
		553545161F4FDE1000D21E65 /* GameBoardPiece.swift */ = {isa = PBXFileReference; lastKnownFileType = sourcecode.swift; path = GameBoardPiece.swift; sourceTree = "<group>"; };
		553BBB181F4E20FF00DFFA2A /* BoardView.swift */ = {isa = PBXFileReference; fileEncoding = 4; lastKnownFileType = sourcecode.swift; path = BoardView.swift; sourceTree = "<group>"; };
		5555F2191F533F4700EC2CFE /* GameType.swift */ = {isa = PBXFileReference; lastKnownFileType = sourcecode.swift; path = GameType.swift; sourceTree = "<group>"; };
		55597EA51F7FFA080062C4C6 /* GameBoardFairnessEvaluator.swift */ = {isa = PBXFileReference; lastKnownFileType = sourcecode.swift; name = GameBoardFairnessEvaluator.swift; path = Catan/Classes/GameBoardFairnessEvaluator/GameBoardFairnessEvaluator.swift; sourceTree = SOURCE_ROOT; };
		55597EA81F7FFABA0062C4C6 /* GameBoardProbabilityDistributionFairnessEvaluator.swift */ = {isa = PBXFileReference; lastKnownFileType = sourcecode.swift; path = GameBoardProbabilityDistributionFairnessEvaluator.swift; sourceTree = "<group>"; };
		55597EAA1F8004350062C4C6 /* GameBoardFactory.swift */ = {isa = PBXFileReference; lastKnownFileType = sourcecode.swift; path = GameBoardFactory.swift; sourceTree = "<group>"; };
		55597EAC1F800C730062C4C6 /* DoubleArrayPosition.swift */ = {isa = PBXFileReference; lastKnownFileType = sourcecode.swift; path = DoubleArrayPosition.swift; sourceTree = "<group>"; };
		55597EB21F800C9A0062C4C6 /* CatanTests.xctest */ = {isa = PBXFileReference; explicitFileType = wrapper.cfbundle; includeInIndex = 0; path = CatanTests.xctest; sourceTree = BUILT_PRODUCTS_DIR; };
		55597EB41F800C9A0062C4C6 /* CatanTests.swift */ = {isa = PBXFileReference; lastKnownFileType = sourcecode.swift; path = CatanTests.swift; sourceTree = "<group>"; };
		55597EB61F800C9A0062C4C6 /* Info.plist */ = {isa = PBXFileReference; lastKnownFileType = text.plist.xml; path = Info.plist; sourceTree = "<group>"; };
		55597EBC1F800CB90062C4C6 /* DoubleArrayPositionTests.swift */ = {isa = PBXFileReference; lastKnownFileType = sourcecode.swift; path = DoubleArrayPositionTests.swift; sourceTree = "<group>"; };
		55597EC11F80226B0062C4C6 /* GameBoardResourcesDistrubutionFairnessEvaluator.swift */ = {isa = PBXFileReference; lastKnownFileType = sourcecode.swift; path = GameBoardResourcesDistrubutionFairnessEvaluator.swift; sourceTree = "<group>"; };
		55597EC31F803E140062C4C6 /* DefaultsItem.swift */ = {isa = PBXFileReference; lastKnownFileType = sourcecode.swift; path = DefaultsItem.swift; sourceTree = "<group>"; };
		55597EC71F803EE30062C4C6 /* DefaultsGameType.swift */ = {isa = PBXFileReference; lastKnownFileType = sourcecode.swift; path = DefaultsGameType.swift; sourceTree = "<group>"; };
		55597ECA1F8041F90062C4C6 /* MostRecentlyUsedGameTypePersistedSetting.swift */ = {isa = PBXFileReference; lastKnownFileType = sourcecode.swift; path = MostRecentlyUsedGameTypePersistedSetting.swift; sourceTree = "<group>"; };
		5565FEC01FDB7E41004959F8 /* GameBoardResourcesDistrubutionRepetitionEvaluator.swift */ = {isa = PBXFileReference; fileEncoding = 4; lastKnownFileType = sourcecode.swift; path = GameBoardResourcesDistrubutionRepetitionEvaluator.swift; sourceTree = "<group>"; };
		55B01D341F493C0E0005B93F /* Catan.app */ = {isa = PBXFileReference; explicitFileType = wrapper.application; includeInIndex = 0; path = Catan.app; sourceTree = BUILT_PRODUCTS_DIR; };
		55B01D371F493C0E0005B93F /* AppDelegate.swift */ = {isa = PBXFileReference; lastKnownFileType = sourcecode.swift; path = AppDelegate.swift; sourceTree = "<group>"; };
		55B01D391F493C0E0005B93F /* MainViewController.swift */ = {isa = PBXFileReference; lastKnownFileType = sourcecode.swift; path = MainViewController.swift; sourceTree = "<group>"; };
		55B01D3C1F493C0E0005B93F /* Base */ = {isa = PBXFileReference; lastKnownFileType = file.storyboard; name = Base; path = Base.lproj/Main.storyboard; sourceTree = "<group>"; };
		55B01D3E1F493C0E0005B93F /* Assets.xcassets */ = {isa = PBXFileReference; lastKnownFileType = folder.assetcatalog; path = Assets.xcassets; sourceTree = "<group>"; };
		55B01D411F493C0E0005B93F /* Base */ = {isa = PBXFileReference; lastKnownFileType = file.storyboard; name = Base; path = Base.lproj/LaunchScreen.storyboard; sourceTree = "<group>"; };
		55B01D431F493C0E0005B93F /* Info.plist */ = {isa = PBXFileReference; lastKnownFileType = text.plist.xml; path = Info.plist; sourceTree = "<group>"; };
		55B01D4A1F493C310005B93F /* Resource.swift */ = {isa = PBXFileReference; fileEncoding = 4; lastKnownFileType = sourcecode.swift; path = Resource.swift; sourceTree = "<group>"; };
		55B01D4C1F493C850005B93F /* DiceCombination.swift */ = {isa = PBXFileReference; fileEncoding = 4; lastKnownFileType = sourcecode.swift; path = DiceCombination.swift; sourceTree = "<group>"; };
		55B01D4F1F4940200005B93F /* GameBoard.swift */ = {isa = PBXFileReference; fileEncoding = 4; lastKnownFileType = sourcecode.swift; path = GameBoard.swift; sourceTree = "<group>"; };
		55B01D511F4945D60005B93F /* GameDefinition.swift */ = {isa = PBXFileReference; fileEncoding = 4; lastKnownFileType = sourcecode.swift; path = GameDefinition.swift; sourceTree = "<group>"; };
		55B774041F6E02E5001F58BC /* FeedbackGenerator.swift */ = {isa = PBXFileReference; lastKnownFileType = sourcecode.swift; path = FeedbackGenerator.swift; sourceTree = "<group>"; };
		55C003C11F4E2E2B0079372A /* HexagonView.swift */ = {isa = PBXFileReference; fileEncoding = 4; lastKnownFileType = sourcecode.swift; path = HexagonView.swift; sourceTree = "<group>"; };
		55D7AD472016F8E500735441 /* FontType.swift */ = {isa = PBXFileReference; lastKnownFileType = sourcecode.swift; path = FontType.swift; sourceTree = "<group>"; };
		55D7AD492016F94200735441 /* DeviceInfo.swift */ = {isa = PBXFileReference; lastKnownFileType = sourcecode.swift; path = DeviceInfo.swift; sourceTree = "<group>"; };
		55E106B61F8933E40016BDBE /* GameBoardResourceGroupingFairnessEvaluator.swift */ = {isa = PBXFileReference; lastKnownFileType = sourcecode.swift; path = GameBoardResourceGroupingFairnessEvaluator.swift; sourceTree = "<group>"; };
		55ED5DC21FFB0B180053429B /* GameBoardDistributionRule.swift */ = {isa = PBXFileReference; lastKnownFileType = sourcecode.swift; path = GameBoardDistributionRule.swift; sourceTree = "<group>"; };
		55ED5DC41FFB0B390053429B /* GameBoardDistributionAdjacentResourcesRule.swift */ = {isa = PBXFileReference; lastKnownFileType = sourcecode.swift; path = GameBoardDistributionAdjacentResourcesRule.swift; sourceTree = "<group>"; };
		55ED5DC61FFB0B4F0053429B /* GameBoardDistributionAdjacentHighProbabilityRule.swift */ = {isa = PBXFileReference; lastKnownFileType = sourcecode.swift; path = GameBoardDistributionAdjacentHighProbabilityRule.swift; sourceTree = "<group>"; };
		7E02676E1C348300A6A1C8F7 /* Pods-Catan.release.xcconfig */ = {isa = PBXFileReference; includeInIndex = 1; lastKnownFileType = text.xcconfig; name = "Pods-Catan.release.xcconfig"; path = "Pods/Target Support Files/Pods-Catan/Pods-Catan.release.xcconfig"; sourceTree = "<group>"; };
		D1C893D6CE221BED81DF63CF /* Pods-CatanTests.debug.xcconfig */ = {isa = PBXFileReference; includeInIndex = 1; lastKnownFileType = text.xcconfig; name = "Pods-CatanTests.debug.xcconfig"; path = "Pods/Target Support Files/Pods-CatanTests/Pods-CatanTests.debug.xcconfig"; sourceTree = "<group>"; };
		DB761235F09CA81577CB898A /* Pods-Catan.debug.xcconfig */ = {isa = PBXFileReference; includeInIndex = 1; lastKnownFileType = text.xcconfig; name = "Pods-Catan.debug.xcconfig"; path = "Pods/Target Support Files/Pods-Catan/Pods-Catan.debug.xcconfig"; sourceTree = "<group>"; };
/* End PBXFileReference section */

/* Begin PBXFrameworksBuildPhase section */
		55597EAF1F800C9A0062C4C6 /* Frameworks */ = {
			isa = PBXFrameworksBuildPhase;
			buildActionMask = 2147483647;
			files = (
				12BE8227F5B88B431EF34E97 /* Pods_CatanTests.framework in Frameworks */,
			);
			runOnlyForDeploymentPostprocessing = 0;
		};
		55B01D311F493C0E0005B93F /* Frameworks */ = {
			isa = PBXFrameworksBuildPhase;
			buildActionMask = 2147483647;
			files = (
				9E00C6F63742DF0BE4898093 /* Pods_Catan.framework in Frameworks */,
			);
			runOnlyForDeploymentPostprocessing = 0;
		};
/* End PBXFrameworksBuildPhase section */

/* Begin PBXGroup section */
		0C9C2E2E20F09D09001F070F /* ShareImageView */ = {
			isa = PBXGroup;
			children = (
				0C9C2E2C20F09CD4001F070F /* ShareImageView.swift */,
				0C9C2E2F20F0A6AB001F070F /* ShareImageView.xib */,
			);
			path = ShareImageView;
			sourceTree = "<group>";
		};
		5513AE311F4A06F100D320D2 /* Games */ = {
			isa = PBXGroup;
			children = (
				5513AE321F4A06FB00D320D2 /* ClassicGame.swift */,
				55202E1E1F532EBB006291E4 /* ExtendedClassicGame.swift */,
			);
			path = Games;
			sourceTree = "<group>";
		};
		551960E01F5338CA00EDAEF7 /* View Controllers */ = {
			isa = PBXGroup;
			children = (
				55B01D391F493C0E0005B93F /* MainViewController.swift */,
			);
			path = "View Controllers";
			sourceTree = "<group>";
		};
		551960E11F533C0800EDAEF7 /* Utilities */ = {
			isa = PBXGroup;
			children = (
				5521E1291F6A2930006A6644 /* Sounds */,
				551960E21F533C1B00EDAEF7 /* Fonts */,
			);
			path = Utilities;
			sourceTree = "<group>";
		};
		551960E21F533C1B00EDAEF7 /* Fonts */ = {
			isa = PBXGroup;
			children = (
				551960E31F533C3600EDAEF7 /* coresansar15.otf */,
				551960E41F533C3600EDAEF7 /* coresansar25.otf */,
				551960E51F533C3600EDAEF7 /* coresansar35.otf */,
			);
			path = Fonts;
			sourceTree = "<group>";
		};
		551960E61F533C9C00EDAEF7 /* Appearance */ = {
			isa = PBXGroup;
			children = (
				551960E81F533CE400EDAEF7 /* UIColor+AppColors.swift */,
				551960E71F533CB700EDAEF7 /* UIFont+AppFonts.swift */,
				55D7AD472016F8E500735441 /* FontType.swift */,
				55D7AD492016F94200735441 /* DeviceInfo.swift */,
			);
			path = Appearance;
			sourceTree = "<group>";
		};
		55202E201F532EEF006291E4 /* Raw Models */ = {
			isa = PBXGroup;
			children = (
				55B01D4C1F493C850005B93F /* DiceCombination.swift */,
				553545141F4FDDF700D21E65 /* Port.swift */,
				55B01D4A1F493C310005B93F /* Resource.swift */,
			);
			path = "Raw Models";
			sourceTree = "<group>";
		};
		5521E1241F6A2893006A6644 /* Sound Player */ = {
			isa = PBXGroup;
			children = (
				5521E1251F6A289F006A6644 /* SoundPlayer.swift */,
			);
			path = "Sound Player";
			sourceTree = "<group>";
		};
		5521E1291F6A2930006A6644 /* Sounds */ = {
			isa = PBXGroup;
			children = (
				5521E12C1F6A2947006A6644 /* Click.wav */,
				5521E12D1F6A2947006A6644 /* Toggle.wav */,
			);
			path = Sounds;
			sourceTree = "<group>";
		};
		5521E12E1F6A2976006A6644 /* Classes */ = {
			isa = PBXGroup;
			children = (
				55597EC91F803EE70062C4C6 /* Persisted Settings */,
				55597EAC1F800C730062C4C6 /* DoubleArrayPosition.swift */,
				55B774041F6E02E5001F58BC /* FeedbackGenerator.swift */,
				55597EAA1F8004350062C4C6 /* GameBoardFactory.swift */,
				5521E1221F6A282D006A6644 /* ProportionalCornerRadius.swift */,
				55ED5DC11FFB0AFF0053429B /* GameBoardDistributionRule */,
				55597EA71F7FFA9A0062C4C6 /* GameBoardFairnessEvaluator */,
				5521E1241F6A2893006A6644 /* Sound Player */,
			);
			path = Classes;
			sourceTree = "<group>";
		};
		553BBB171F4E013100DFFA2A /* Views */ = {
			isa = PBXGroup;
			children = (
				0C9C2E2E20F09D09001F070F /* ShareImageView */,
				553BBB181F4E20FF00DFFA2A /* BoardView.swift */,
				553545121F4FD9BF00D21E65 /* DiceCombinationTokenView.swift */,
				55C003C11F4E2E2B0079372A /* HexagonView.swift */,
				553545101F4FD99900D21E65 /* PortContainerView.swift */,
				5535450E1F4FD97C00D21E65 /* PortView.swift */,
				5521E11E1F6A2772006A6644 /* TransformableButton.swift */,
				5521E1201F6A27B2006A6644 /* CatanButton.swift */,
			);
			path = Views;
			sourceTree = "<group>";
		};
		55597EA71F7FFA9A0062C4C6 /* GameBoardFairnessEvaluator */ = {
			isa = PBXGroup;
			children = (
				55597EA51F7FFA080062C4C6 /* GameBoardFairnessEvaluator.swift */,
				55E106B61F8933E40016BDBE /* GameBoardResourceGroupingFairnessEvaluator.swift */,
				55597EA81F7FFABA0062C4C6 /* GameBoardProbabilityDistributionFairnessEvaluator.swift */,
				55597EC11F80226B0062C4C6 /* GameBoardResourcesDistrubutionFairnessEvaluator.swift */,
				5565FEC01FDB7E41004959F8 /* GameBoardResourcesDistrubutionRepetitionEvaluator.swift */,
			);
			path = GameBoardFairnessEvaluator;
			sourceTree = "<group>";
		};
		55597EB31F800C9A0062C4C6 /* CatanTests */ = {
			isa = PBXGroup;
			children = (
				55597EB41F800C9A0062C4C6 /* CatanTests.swift */,
				55597EBC1F800CB90062C4C6 /* DoubleArrayPositionTests.swift */,
				55597EB61F800C9A0062C4C6 /* Info.plist */,
			);
			path = CatanTests;
			sourceTree = "<group>";
		};
		55597EC91F803EE70062C4C6 /* Persisted Settings */ = {
			isa = PBXGroup;
			children = (
				55597EC31F803E140062C4C6 /* DefaultsItem.swift */,
				55597EC71F803EE30062C4C6 /* DefaultsGameType.swift */,
				55597ECA1F8041F90062C4C6 /* MostRecentlyUsedGameTypePersistedSetting.swift */,
			);
			path = "Persisted Settings";
			sourceTree = "<group>";
		};
		55B01D2B1F493C0E0005B93F = {
			isa = PBXGroup;
			children = (
				55B01D361F493C0E0005B93F /* Catan */,
				55597EB31F800C9A0062C4C6 /* CatanTests */,
				55B01D351F493C0E0005B93F /* Products */,
				9BC3229651407968BE0F11EA /* Pods */,
				F6BA7E082A3810E03DBA093F /* Frameworks */,
			);
			sourceTree = "<group>";
		};
		55B01D351F493C0E0005B93F /* Products */ = {
			isa = PBXGroup;
			children = (
				55B01D341F493C0E0005B93F /* Catan.app */,
				55597EB21F800C9A0062C4C6 /* CatanTests.xctest */,
			);
			name = Products;
			sourceTree = "<group>";
		};
		55B01D361F493C0E0005B93F /* Catan */ = {
			isa = PBXGroup;
			children = (
				55B01D371F493C0E0005B93F /* AppDelegate.swift */,
				551960E61F533C9C00EDAEF7 /* Appearance */,
				5521E12E1F6A2976006A6644 /* Classes */,
				5513AE311F4A06F100D320D2 /* Games */,
				55B01D4E1F4940130005B93F /* Models */,
				551960E11F533C0800EDAEF7 /* Utilities */,
				551960E01F5338CA00EDAEF7 /* View Controllers */,
				553BBB171F4E013100DFFA2A /* Views */,
				55B01D3E1F493C0E0005B93F /* Assets.xcassets */,
				55B01D431F493C0E0005B93F /* Info.plist */,
				55B01D401F493C0E0005B93F /* LaunchScreen.storyboard */,
				55B01D3B1F493C0E0005B93F /* Main.storyboard */,
			);
			path = Catan;
			sourceTree = "<group>";
		};
		55B01D4E1F4940130005B93F /* Models */ = {
			isa = PBXGroup;
			children = (
				55202E201F532EEF006291E4 /* Raw Models */,
				55B01D4F1F4940200005B93F /* GameBoard.swift */,
				553545161F4FDE1000D21E65 /* GameBoardPiece.swift */,
				55B01D511F4945D60005B93F /* GameDefinition.swift */,
				5555F2191F533F4700EC2CFE /* GameType.swift */,
			);
			path = Models;
			sourceTree = "<group>";
		};
		55ED5DC11FFB0AFF0053429B /* GameBoardDistributionRule */ = {
			isa = PBXGroup;
			children = (
				55ED5DC21FFB0B180053429B /* GameBoardDistributionRule.swift */,
				55ED5DC41FFB0B390053429B /* GameBoardDistributionAdjacentResourcesRule.swift */,
				55ED5DC61FFB0B4F0053429B /* GameBoardDistributionAdjacentHighProbabilityRule.swift */,
			);
			path = GameBoardDistributionRule;
			sourceTree = "<group>";
		};
		9BC3229651407968BE0F11EA /* Pods */ = {
			isa = PBXGroup;
			children = (
				DB761235F09CA81577CB898A /* Pods-Catan.debug.xcconfig */,
				7E02676E1C348300A6A1C8F7 /* Pods-Catan.release.xcconfig */,
				D1C893D6CE221BED81DF63CF /* Pods-CatanTests.debug.xcconfig */,
				3829EB48B2248605397471F8 /* Pods-CatanTests.release.xcconfig */,
			);
			name = Pods;
			sourceTree = "<group>";
		};
		F6BA7E082A3810E03DBA093F /* Frameworks */ = {
			isa = PBXGroup;
			children = (
				3EEEACBF515633781CBF5340 /* Pods_Catan.framework */,
				0B2E19C09F0129A980488EDC /* Pods_CatanTests.framework */,
			);
			name = Frameworks;
			sourceTree = "<group>";
		};
/* End PBXGroup section */

/* Begin PBXNativeTarget section */
		55597EB11F800C9A0062C4C6 /* CatanTests */ = {
			isa = PBXNativeTarget;
			buildConfigurationList = 55597EB91F800C9A0062C4C6 /* Build configuration list for PBXNativeTarget "CatanTests" */;
			buildPhases = (
				9EFF4B4C84040D98C7D8E810 /* [CP] Check Pods Manifest.lock */,
				55597EAE1F800C9A0062C4C6 /* Sources */,
				55597EAF1F800C9A0062C4C6 /* Frameworks */,
				55597EB01F800C9A0062C4C6 /* Resources */,
				CBE530374F595177193DD9E1 /* [CP] Embed Pods Frameworks */,
			);
			buildRules = (
			);
			dependencies = (
				55597EB81F800C9A0062C4C6 /* PBXTargetDependency */,
			);
			name = CatanTests;
			productName = CatanTests;
			productReference = 55597EB21F800C9A0062C4C6 /* CatanTests.xctest */;
			productType = "com.apple.product-type.bundle.unit-test";
		};
		55B01D331F493C0E0005B93F /* Catan */ = {
			isa = PBXNativeTarget;
			buildConfigurationList = 55B01D461F493C0E0005B93F /* Build configuration list for PBXNativeTarget "Catan" */;
			buildPhases = (
				134BBCA5BF17682778BA1164 /* [CP] Check Pods Manifest.lock */,
				55B01D301F493C0E0005B93F /* Sources */,
				55B01D311F493C0E0005B93F /* Frameworks */,
				55B01D321F493C0E0005B93F /* Resources */,
				55B774061F6E08EF001F58BC /* Fabric */,
				674FBB4C39B474427065059A /* [CP] Embed Pods Frameworks */,
			);
			buildRules = (
			);
			dependencies = (
			);
			name = Catan;
			productName = Catan;
			productReference = 55B01D341F493C0E0005B93F /* Catan.app */;
			productType = "com.apple.product-type.application";
		};
/* End PBXNativeTarget section */

/* Begin PBXProject section */
		55B01D2C1F493C0E0005B93F /* Project object */ = {
			isa = PBXProject;
			attributes = {
				LastSwiftUpdateCheck = 0900;
				LastUpgradeCheck = 0940;
				ORGANIZATIONNAME = "David Elsonbaty";
				TargetAttributes = {
					55597EB11F800C9A0062C4C6 = {
						CreatedOnToolsVersion = 9.0;
						DevelopmentTeam = NC6PEUTA52;
						ProvisioningStyle = Automatic;
						TestTargetID = 55B01D331F493C0E0005B93F;
					};
					55B01D331F493C0E0005B93F = {
						CreatedOnToolsVersion = 8.3.3;
						DevelopmentTeam = NC6PEUTA52;
						LastSwiftMigration = 0900;
						ProvisioningStyle = Automatic;
					};
				};
			};
			buildConfigurationList = 55B01D2F1F493C0E0005B93F /* Build configuration list for PBXProject "Catan" */;
			compatibilityVersion = "Xcode 3.2";
			developmentRegion = English;
			hasScannedForEncodings = 0;
			knownRegions = (
				en,
				Base,
			);
			mainGroup = 55B01D2B1F493C0E0005B93F;
			productRefGroup = 55B01D351F493C0E0005B93F /* Products */;
			projectDirPath = "";
			projectRoot = "";
			targets = (
				55B01D331F493C0E0005B93F /* Catan */,
				55597EB11F800C9A0062C4C6 /* CatanTests */,
			);
		};
/* End PBXProject section */

/* Begin PBXResourcesBuildPhase section */
		55597EB01F800C9A0062C4C6 /* Resources */ = {
			isa = PBXResourcesBuildPhase;
			buildActionMask = 2147483647;
			files = (
			);
			runOnlyForDeploymentPostprocessing = 0;
		};
		55B01D321F493C0E0005B93F /* Resources */ = {
			isa = PBXResourcesBuildPhase;
			buildActionMask = 2147483647;
			files = (
				0C9C2E3020F0A6AC001F070F /* ShareImageView.xib in Resources */,
				5521E1301F6A2A81006A6644 /* Toggle.wav in Resources */,
				55B01D421F493C0E0005B93F /* LaunchScreen.storyboard in Resources */,
				55B01D3F1F493C0E0005B93F /* Assets.xcassets in Resources */,
				551960ED1F533DA700EDAEF7 /* coresansar35.otf in Resources */,
				551960EC1F533DA700EDAEF7 /* coresansar25.otf in Resources */,
				5521E12F1F6A2A81006A6644 /* Click.wav in Resources */,
				551960EB1F533DA700EDAEF7 /* coresansar15.otf in Resources */,
				55B01D3D1F493C0E0005B93F /* Main.storyboard in Resources */,
			);
			runOnlyForDeploymentPostprocessing = 0;
		};
/* End PBXResourcesBuildPhase section */

/* Begin PBXShellScriptBuildPhase section */
		134BBCA5BF17682778BA1164 /* [CP] Check Pods Manifest.lock */ = {
			isa = PBXShellScriptBuildPhase;
			buildActionMask = 2147483647;
			files = (
			);
			inputPaths = (
				"${PODS_PODFILE_DIR_PATH}/Podfile.lock",
				"${PODS_ROOT}/Manifest.lock",
			);
			name = "[CP] Check Pods Manifest.lock";
			outputPaths = (
				"$(DERIVED_FILE_DIR)/Pods-Catan-checkManifestLockResult.txt",
			);
			runOnlyForDeploymentPostprocessing = 0;
			shellPath = /bin/sh;
			shellScript = "diff \"${PODS_PODFILE_DIR_PATH}/Podfile.lock\" \"${PODS_ROOT}/Manifest.lock\" > /dev/null\nif [ $? != 0 ] ; then\n    # print error to STDERR\n    echo \"error: The sandbox is not in sync with the Podfile.lock. Run 'pod install' or update your CocoaPods installation.\" >&2\n    exit 1\nfi\n# This output is used by Xcode 'outputs' to avoid re-running this script phase.\necho \"SUCCESS\" > \"${SCRIPT_OUTPUT_FILE_0}\"\n";
			showEnvVarsInLog = 0;
		};
		55B774061F6E08EF001F58BC /* Fabric */ = {
			isa = PBXShellScriptBuildPhase;
			buildActionMask = 2147483647;
			files = (
			);
			inputPaths = (
			);
			name = Fabric;
			outputPaths = (
			);
			runOnlyForDeploymentPostprocessing = 0;
			shellPath = /bin/sh;
			shellScript = "\"${PODS_ROOT}/Fabric/run\" cfce56bcef671fe1ecf1975512466996d9597e2e 4e858422dcbdabba1803bfb2e8fe8231726aba99b42e262149684d7b8418758c";
		};
		674FBB4C39B474427065059A /* [CP] Embed Pods Frameworks */ = {
			isa = PBXShellScriptBuildPhase;
			buildActionMask = 2147483647;
			files = (
			);
			inputPaths = (
				"${SRCROOT}/Pods/Target Support Files/Pods-Catan/Pods-Catan-frameworks.sh",
				"${BUILT_PRODUCTS_DIR}/CommonUtilities/CommonUtilities.framework",
				"${BUILT_PRODUCTS_DIR}/SnapKit/SnapKit.framework",
			);
			name = "[CP] Embed Pods Frameworks";
			outputPaths = (
				"${TARGET_BUILD_DIR}/${FRAMEWORKS_FOLDER_PATH}/CommonUtilities.framework",
				"${TARGET_BUILD_DIR}/${FRAMEWORKS_FOLDER_PATH}/SnapKit.framework",
			);
			runOnlyForDeploymentPostprocessing = 0;
			shellPath = /bin/sh;
			shellScript = "\"${SRCROOT}/Pods/Target Support Files/Pods-Catan/Pods-Catan-frameworks.sh\"\n";
			showEnvVarsInLog = 0;
		};
		9EFF4B4C84040D98C7D8E810 /* [CP] Check Pods Manifest.lock */ = {
			isa = PBXShellScriptBuildPhase;
			buildActionMask = 2147483647;
			files = (
			);
			inputPaths = (
				"${PODS_PODFILE_DIR_PATH}/Podfile.lock",
				"${PODS_ROOT}/Manifest.lock",
			);
			name = "[CP] Check Pods Manifest.lock";
			outputPaths = (
				"$(DERIVED_FILE_DIR)/Pods-CatanTests-checkManifestLockResult.txt",
			);
			runOnlyForDeploymentPostprocessing = 0;
			shellPath = /bin/sh;
			shellScript = "diff \"${PODS_PODFILE_DIR_PATH}/Podfile.lock\" \"${PODS_ROOT}/Manifest.lock\" > /dev/null\nif [ $? != 0 ] ; then\n    # print error to STDERR\n    echo \"error: The sandbox is not in sync with the Podfile.lock. Run 'pod install' or update your CocoaPods installation.\" >&2\n    exit 1\nfi\n# This output is used by Xcode 'outputs' to avoid re-running this script phase.\necho \"SUCCESS\" > \"${SCRIPT_OUTPUT_FILE_0}\"\n";
			showEnvVarsInLog = 0;
		};
		CBE530374F595177193DD9E1 /* [CP] Embed Pods Frameworks */ = {
			isa = PBXShellScriptBuildPhase;
			buildActionMask = 2147483647;
			files = (
			);
			inputPaths = (
				"${SRCROOT}/Pods/Target Support Files/Pods-CatanTests/Pods-CatanTests-frameworks.sh",
				"${BUILT_PRODUCTS_DIR}/CommonUtilities/CommonUtilities.framework",
				"${BUILT_PRODUCTS_DIR}/SnapKit/SnapKit.framework",
			);
			name = "[CP] Embed Pods Frameworks";
			outputPaths = (
				"${TARGET_BUILD_DIR}/${FRAMEWORKS_FOLDER_PATH}/CommonUtilities.framework",
				"${TARGET_BUILD_DIR}/${FRAMEWORKS_FOLDER_PATH}/SnapKit.framework",
			);
			runOnlyForDeploymentPostprocessing = 0;
			shellPath = /bin/sh;
			shellScript = "\"${SRCROOT}/Pods/Target Support Files/Pods-CatanTests/Pods-CatanTests-frameworks.sh\"\n";
			showEnvVarsInLog = 0;
		};
/* End PBXShellScriptBuildPhase section */

/* Begin PBXSourcesBuildPhase section */
		55597EAE1F800C9A0062C4C6 /* Sources */ = {
			isa = PBXSourcesBuildPhase;
			buildActionMask = 2147483647;
			files = (
				55597EB51F800C9A0062C4C6 /* CatanTests.swift in Sources */,
				55597EBE1F800CFA0062C4C6 /* DoubleArrayPosition.swift in Sources */,
				55597EBD1F800CB90062C4C6 /* DoubleArrayPositionTests.swift in Sources */,
			);
			runOnlyForDeploymentPostprocessing = 0;
		};
		55B01D301F493C0E0005B93F /* Sources */ = {
			isa = PBXSourcesBuildPhase;
			buildActionMask = 2147483647;
			files = (
				5513AE331F4A06FB00D320D2 /* ClassicGame.swift in Sources */,
				55202E1F1F532EBB006291E4 /* ExtendedClassicGame.swift in Sources */,
				5535450F1F4FD97C00D21E65 /* PortView.swift in Sources */,
				553545111F4FD99900D21E65 /* PortContainerView.swift in Sources */,
				55C003C21F4E2E2B0079372A /* HexagonView.swift in Sources */,
				551960E91F533D9200EDAEF7 /* UIColor+AppColors.swift in Sources */,
				551960EA1F533D9600EDAEF7 /* UIFont+AppFonts.swift in Sources */,
				55B01D4D1F493C850005B93F /* DiceCombination.swift in Sources */,
				55B01D4B1F493C310005B93F /* Resource.swift in Sources */,
				5521E1261F6A289F006A6644 /* SoundPlayer.swift in Sources */,
				553545171F4FDE1000D21E65 /* GameBoardPiece.swift in Sources */,
				55B01D501F4940200005B93F /* GameBoard.swift in Sources */,
				5555F21A1F533F4700EC2CFE /* GameType.swift in Sources */,
				553545151F4FDDF700D21E65 /* Port.swift in Sources */,
				5565FEC11FDB7E41004959F8 /* GameBoardResourcesDistrubutionRepetitionEvaluator.swift in Sources */,
				55D7AD4A2016F94200735441 /* DeviceInfo.swift in Sources */,
				55597EA91F7FFABA0062C4C6 /* GameBoardProbabilityDistributionFairnessEvaluator.swift in Sources */,
				5521E1231F6A282D006A6644 /* ProportionalCornerRadius.swift in Sources */,
				55597ECB1F8041F90062C4C6 /* MostRecentlyUsedGameTypePersistedSetting.swift in Sources */,
				55B774051F6E02E5001F58BC /* FeedbackGenerator.swift in Sources */,
				55597EA61F7FFA080062C4C6 /* GameBoardFairnessEvaluator.swift in Sources */,
				55ED5DC31FFB0B180053429B /* GameBoardDistributionRule.swift in Sources */,
				55597EC41F803E140062C4C6 /* DefaultsItem.swift in Sources */,
				5521E11F1F6A2772006A6644 /* TransformableButton.swift in Sources */,
				55ED5DC51FFB0B390053429B /* GameBoardDistributionAdjacentResourcesRule.swift in Sources */,
				55B01D3A1F493C0E0005B93F /* MainViewController.swift in Sources */,
				553BBB191F4E20FF00DFFA2A /* BoardView.swift in Sources */,
				55ED5DC71FFB0B4F0053429B /* GameBoardDistributionAdjacentHighProbabilityRule.swift in Sources */,
				55E106B71F8933E40016BDBE /* GameBoardResourceGroupingFairnessEvaluator.swift in Sources */,
				55B01D381F493C0E0005B93F /* AppDelegate.swift in Sources */,
				55597EC81F803EE30062C4C6 /* DefaultsGameType.swift in Sources */,
				55B01D521F4945D60005B93F /* GameDefinition.swift in Sources */,
				553545131F4FD9BF00D21E65 /* DiceCombinationTokenView.swift in Sources */,
				55D7AD482016F8E500735441 /* FontType.swift in Sources */,
				5521E1211F6A27B2006A6644 /* CatanButton.swift in Sources */,
				55597EAD1F800C730062C4C6 /* DoubleArrayPosition.swift in Sources */,
				55597EC21F80226B0062C4C6 /* GameBoardResourcesDistrubutionFairnessEvaluator.swift in Sources */,
				0C9C2E2D20F09CD4001F070F /* ShareImageView.swift in Sources */,
				55597EAB1F8004350062C4C6 /* GameBoardFactory.swift in Sources */,
			);
			runOnlyForDeploymentPostprocessing = 0;
		};
/* End PBXSourcesBuildPhase section */

/* Begin PBXTargetDependency section */
		55597EB81F800C9A0062C4C6 /* PBXTargetDependency */ = {
			isa = PBXTargetDependency;
			target = 55B01D331F493C0E0005B93F /* Catan */;
			targetProxy = 55597EB71F800C9A0062C4C6 /* PBXContainerItemProxy */;
		};
/* End PBXTargetDependency section */

/* Begin PBXVariantGroup section */
		55B01D3B1F493C0E0005B93F /* Main.storyboard */ = {
			isa = PBXVariantGroup;
			children = (
				55B01D3C1F493C0E0005B93F /* Base */,
			);
			name = Main.storyboard;
			path = .;
			sourceTree = "<group>";
		};
		55B01D401F493C0E0005B93F /* LaunchScreen.storyboard */ = {
			isa = PBXVariantGroup;
			children = (
				55B01D411F493C0E0005B93F /* Base */,
			);
			name = LaunchScreen.storyboard;
			path = .;
			sourceTree = "<group>";
		};
/* End PBXVariantGroup section */

/* Begin XCBuildConfiguration section */
		55597EBA1F800C9A0062C4C6 /* Debug */ = {
			isa = XCBuildConfiguration;
			baseConfigurationReference = D1C893D6CE221BED81DF63CF /* Pods-CatanTests.debug.xcconfig */;
			buildSettings = {
				BUNDLE_LOADER = "$(TEST_HOST)";
				CLANG_CXX_LANGUAGE_STANDARD = "gnu++14";
				CLANG_WARN_UNGUARDED_AVAILABILITY = YES_AGGRESSIVE;
				CODE_SIGN_IDENTITY = "iPhone Developer";
				CODE_SIGN_STYLE = Automatic;
				DEVELOPMENT_TEAM = NC6PEUTA52;
				GCC_C_LANGUAGE_STANDARD = gnu11;
				INFOPLIST_FILE = CatanTests/Info.plist;
				IPHONEOS_DEPLOYMENT_TARGET = 11.0;
				LD_RUNPATH_SEARCH_PATHS = "$(inherited) @executable_path/Frameworks @loader_path/Frameworks";
				PRODUCT_BUNDLE_IDENTIFIER = com.matterly.CatanTests;
				PRODUCT_NAME = "$(TARGET_NAME)";
				SWIFT_VERSION = 4.0;
				TARGETED_DEVICE_FAMILY = "1,2";
				TEST_HOST = "$(BUILT_PRODUCTS_DIR)/Catan.app/Catan";
			};
			name = Debug;
		};
		55597EBB1F800C9A0062C4C6 /* Release */ = {
			isa = XCBuildConfiguration;
			baseConfigurationReference = 3829EB48B2248605397471F8 /* Pods-CatanTests.release.xcconfig */;
			buildSettings = {
				BUNDLE_LOADER = "$(TEST_HOST)";
				CLANG_CXX_LANGUAGE_STANDARD = "gnu++14";
				CLANG_WARN_UNGUARDED_AVAILABILITY = YES_AGGRESSIVE;
				CODE_SIGN_IDENTITY = "iPhone Developer";
				CODE_SIGN_STYLE = Automatic;
				DEVELOPMENT_TEAM = NC6PEUTA52;
				GCC_C_LANGUAGE_STANDARD = gnu11;
				INFOPLIST_FILE = CatanTests/Info.plist;
				IPHONEOS_DEPLOYMENT_TARGET = 11.0;
				LD_RUNPATH_SEARCH_PATHS = "$(inherited) @executable_path/Frameworks @loader_path/Frameworks";
				PRODUCT_BUNDLE_IDENTIFIER = com.matterly.CatanTests;
				PRODUCT_NAME = "$(TARGET_NAME)";
				SWIFT_VERSION = 4.0;
				TARGETED_DEVICE_FAMILY = "1,2";
				TEST_HOST = "$(BUILT_PRODUCTS_DIR)/Catan.app/Catan";
			};
			name = Release;
		};
		55B01D441F493C0E0005B93F /* Debug */ = {
			isa = XCBuildConfiguration;
			buildSettings = {
				ALWAYS_SEARCH_USER_PATHS = NO;
				CLANG_ANALYZER_NONNULL = YES;
				CLANG_ANALYZER_NUMBER_OBJECT_CONVERSION = YES_AGGRESSIVE;
				CLANG_CXX_LANGUAGE_STANDARD = "gnu++0x";
				CLANG_CXX_LIBRARY = "libc++";
				CLANG_ENABLE_MODULES = YES;
				CLANG_ENABLE_OBJC_ARC = YES;
				CLANG_WARN_BLOCK_CAPTURE_AUTORELEASING = YES;
				CLANG_WARN_BOOL_CONVERSION = YES;
				CLANG_WARN_COMMA = YES;
				CLANG_WARN_CONSTANT_CONVERSION = YES;
				CLANG_WARN_DEPRECATED_OBJC_IMPLEMENTATIONS = YES;
				CLANG_WARN_DIRECT_OBJC_ISA_USAGE = YES_ERROR;
				CLANG_WARN_DOCUMENTATION_COMMENTS = YES;
				CLANG_WARN_EMPTY_BODY = YES;
				CLANG_WARN_ENUM_CONVERSION = YES;
				CLANG_WARN_INFINITE_RECURSION = YES;
				CLANG_WARN_INT_CONVERSION = YES;
				CLANG_WARN_NON_LITERAL_NULL_CONVERSION = YES;
				CLANG_WARN_OBJC_IMPLICIT_RETAIN_SELF = YES;
				CLANG_WARN_OBJC_LITERAL_CONVERSION = YES;
				CLANG_WARN_OBJC_ROOT_CLASS = YES_ERROR;
				CLANG_WARN_RANGE_LOOP_ANALYSIS = YES;
				CLANG_WARN_STRICT_PROTOTYPES = YES;
				CLANG_WARN_SUSPICIOUS_MOVE = YES;
				CLANG_WARN_UNREACHABLE_CODE = YES;
				CLANG_WARN__DUPLICATE_METHOD_MATCH = YES;
				"CODE_SIGN_IDENTITY[sdk=iphoneos*]" = "iPhone Developer";
				COPY_PHASE_STRIP = NO;
				DEBUG_INFORMATION_FORMAT = "dwarf-with-dsym";
				ENABLE_STRICT_OBJC_MSGSEND = YES;
				ENABLE_TESTABILITY = YES;
				GCC_C_LANGUAGE_STANDARD = gnu99;
				GCC_DYNAMIC_NO_PIC = NO;
				GCC_NO_COMMON_BLOCKS = YES;
				GCC_OPTIMIZATION_LEVEL = 0;
				GCC_PREPROCESSOR_DEFINITIONS = (
					"DEBUG=1",
					"$(inherited)",
				);
				GCC_WARN_64_TO_32_BIT_CONVERSION = YES;
				GCC_WARN_ABOUT_RETURN_TYPE = YES_ERROR;
				GCC_WARN_UNDECLARED_SELECTOR = YES;
				GCC_WARN_UNINITIALIZED_AUTOS = YES_AGGRESSIVE;
				GCC_WARN_UNUSED_FUNCTION = YES;
				GCC_WARN_UNUSED_VARIABLE = YES;
				IPHONEOS_DEPLOYMENT_TARGET = 10.3;
				MTL_ENABLE_DEBUG_INFO = YES;
				ONLY_ACTIVE_ARCH = YES;
				SDKROOT = iphoneos;
				SWIFT_ACTIVE_COMPILATION_CONDITIONS = DEBUG;
				SWIFT_OPTIMIZATION_LEVEL = "-Onone";
				SWIFT_SWIFT3_OBJC_INFERENCE = Default;
			};
			name = Debug;
		};
		55B01D451F493C0E0005B93F /* Release */ = {
			isa = XCBuildConfiguration;
			buildSettings = {
				ALWAYS_SEARCH_USER_PATHS = NO;
				CLANG_ANALYZER_NONNULL = YES;
				CLANG_ANALYZER_NUMBER_OBJECT_CONVERSION = YES_AGGRESSIVE;
				CLANG_CXX_LANGUAGE_STANDARD = "gnu++0x";
				CLANG_CXX_LIBRARY = "libc++";
				CLANG_ENABLE_MODULES = YES;
				CLANG_ENABLE_OBJC_ARC = YES;
				CLANG_WARN_BLOCK_CAPTURE_AUTORELEASING = YES;
				CLANG_WARN_BOOL_CONVERSION = YES;
				CLANG_WARN_COMMA = YES;
				CLANG_WARN_CONSTANT_CONVERSION = YES;
				CLANG_WARN_DEPRECATED_OBJC_IMPLEMENTATIONS = YES;
				CLANG_WARN_DIRECT_OBJC_ISA_USAGE = YES_ERROR;
				CLANG_WARN_DOCUMENTATION_COMMENTS = YES;
				CLANG_WARN_EMPTY_BODY = YES;
				CLANG_WARN_ENUM_CONVERSION = YES;
				CLANG_WARN_INFINITE_RECURSION = YES;
				CLANG_WARN_INT_CONVERSION = YES;
				CLANG_WARN_NON_LITERAL_NULL_CONVERSION = YES;
				CLANG_WARN_OBJC_IMPLICIT_RETAIN_SELF = YES;
				CLANG_WARN_OBJC_LITERAL_CONVERSION = YES;
				CLANG_WARN_OBJC_ROOT_CLASS = YES_ERROR;
				CLANG_WARN_RANGE_LOOP_ANALYSIS = YES;
				CLANG_WARN_STRICT_PROTOTYPES = YES;
				CLANG_WARN_SUSPICIOUS_MOVE = YES;
				CLANG_WARN_UNREACHABLE_CODE = YES;
				CLANG_WARN__DUPLICATE_METHOD_MATCH = YES;
				"CODE_SIGN_IDENTITY[sdk=iphoneos*]" = "iPhone Developer";
				COPY_PHASE_STRIP = NO;
				DEBUG_INFORMATION_FORMAT = "dwarf-with-dsym";
				ENABLE_NS_ASSERTIONS = NO;
				ENABLE_STRICT_OBJC_MSGSEND = YES;
				GCC_C_LANGUAGE_STANDARD = gnu99;
				GCC_NO_COMMON_BLOCKS = YES;
				GCC_WARN_64_TO_32_BIT_CONVERSION = YES;
				GCC_WARN_ABOUT_RETURN_TYPE = YES_ERROR;
				GCC_WARN_UNDECLARED_SELECTOR = YES;
				GCC_WARN_UNINITIALIZED_AUTOS = YES_AGGRESSIVE;
				GCC_WARN_UNUSED_FUNCTION = YES;
				GCC_WARN_UNUSED_VARIABLE = YES;
				IPHONEOS_DEPLOYMENT_TARGET = 10.3;
				MTL_ENABLE_DEBUG_INFO = NO;
				SDKROOT = iphoneos;
				SWIFT_OPTIMIZATION_LEVEL = "-Owholemodule";
				SWIFT_SWIFT3_OBJC_INFERENCE = Default;
				VALIDATE_PRODUCT = YES;
			};
			name = Release;
		};
		55B01D471F493C0E0005B93F /* Debug */ = {
			isa = XCBuildConfiguration;
			baseConfigurationReference = DB761235F09CA81577CB898A /* Pods-Catan.debug.xcconfig */;
			buildSettings = {
				ASSETCATALOG_COMPILER_APPICON_NAME = AppIcon;
				DEVELOPMENT_TEAM = NC6PEUTA52;
				FRAMEWORK_SEARCH_PATHS = (
					"$(inherited)",
					"$(PROJECT_DIR)",
				);
				GCC_OPTIMIZATION_LEVEL = 0;
				INFOPLIST_FILE = Catan/Info.plist;
				IPHONEOS_DEPLOYMENT_TARGET = 10.3;
				LD_RUNPATH_SEARCH_PATHS = "$(inherited) @executable_path/Frameworks";
				OTHER_CFLAGS = "-O0";
				PRODUCT_BUNDLE_IDENTIFIER = com.elsonbaty.catanous;
				PRODUCT_NAME = "$(TARGET_NAME)";
				SWIFT_SWIFT3_OBJC_INFERENCE = Off;
				SWIFT_VERSION = 4.0;
				TARGETED_DEVICE_FAMILY = "1,2";
			};
			name = Debug;
		};
		55B01D481F493C0E0005B93F /* Release */ = {
			isa = XCBuildConfiguration;
			baseConfigurationReference = 7E02676E1C348300A6A1C8F7 /* Pods-Catan.release.xcconfig */;
			buildSettings = {
				ASSETCATALOG_COMPILER_APPICON_NAME = AppIcon;
				DEVELOPMENT_TEAM = NC6PEUTA52;
				FRAMEWORK_SEARCH_PATHS = (
					"$(inherited)",
					"$(PROJECT_DIR)",
				);
				INFOPLIST_FILE = Catan/Info.plist;
				IPHONEOS_DEPLOYMENT_TARGET = 10.3;
				LD_RUNPATH_SEARCH_PATHS = "$(inherited) @executable_path/Frameworks";
				OTHER_CFLAGS = "-O0";
				PRODUCT_BUNDLE_IDENTIFIER = com.elsonbaty.catanous;
				PRODUCT_NAME = "$(TARGET_NAME)";
				SWIFT_SWIFT3_OBJC_INFERENCE = Off;
				SWIFT_VERSION = 4.0;
				TARGETED_DEVICE_FAMILY = "1,2";
			};
			name = Release;
		};
/* End XCBuildConfiguration section */

/* Begin XCConfigurationList section */
		55597EB91F800C9A0062C4C6 /* Build configuration list for PBXNativeTarget "CatanTests" */ = {
			isa = XCConfigurationList;
			buildConfigurations = (
				55597EBA1F800C9A0062C4C6 /* Debug */,
				55597EBB1F800C9A0062C4C6 /* Release */,
			);
			defaultConfigurationIsVisible = 0;
			defaultConfigurationName = Release;
		};
		55B01D2F1F493C0E0005B93F /* Build configuration list for PBXProject "Catan" */ = {
			isa = XCConfigurationList;
			buildConfigurations = (
				55B01D441F493C0E0005B93F /* Debug */,
				55B01D451F493C0E0005B93F /* Release */,
			);
			defaultConfigurationIsVisible = 0;
			defaultConfigurationName = Release;
		};
		55B01D461F493C0E0005B93F /* Build configuration list for PBXNativeTarget "Catan" */ = {
			isa = XCConfigurationList;
			buildConfigurations = (
				55B01D471F493C0E0005B93F /* Debug */,
				55B01D481F493C0E0005B93F /* Release */,
			);
			defaultConfigurationIsVisible = 0;
			defaultConfigurationName = Release;
		};
/* End XCConfigurationList section */
	};
	rootObject = 55B01D2C1F493C0E0005B93F /* Project object */;
}
